
Microsoft Visual Studio Solution File, Format Version 12.00
# Visual Studio Version 17
VisualStudioVersion = 17.11.35219.272
MinimumVisualStudioVersion = 10.0.40219.1
Project("{888888A0-9F3D-457C-B088-3A5042F75D52}") = "getHistoryAndSummary", "getHistoryAndSummary\getHistoryAndSummary.pyproj", "{DF411799-8A34-4C19-ABDB-6C6B4BCEED15}"
EndProject
Global
	GlobalSection(SolutionConfigurationPlatforms) = preSolution
		Debug|Any CPU = Debug|Any CPU
		Release|Any CPU = Release|Any CPU
	EndGlobalSection
	GlobalSection(ProjectConfigurationPlatforms) = postSolution
		{DF411799-8A34-4C19-ABDB-6C6B4BCEED15}.Debug|Any CPU.ActiveCfg = Debug|Any CPU
		{DF411799-8A34-4C19-ABDB-6C6B4BCEED15}.Release|Any CPU.ActiveCfg = Release|Any CPU
	EndGlobalSection
	GlobalSection(SolutionProperties) = preSolution
		HideSolutionNode = FALSE
	EndGlobalSection
	GlobalSection(ExtensibilityGlobals) = postSolution
		SolutionGuid = {54E24BEC-B306-4DF7-9AEB-0D05B24051B3}
	EndGlobalSection
EndGlobal
